
Microsoft Visual Studio Solution File, Format Version 12.00
# Visual Studio Version 17
VisualStudioVersion = 17.9.34728.123
MinimumVisualStudioVersion = 10.0.40219.1
Project("{FAE04EC0-301F-11D3-BF4B-00C04F79EFBC}") = "dsa-stack", "dsa-stack.csproj", "{517A764F-9211-4F22-A012-3DDBC8528C76}"
EndProject
Global
	GlobalSection(SolutionConfigurationPlatforms) = preSolution
		Debug|Any CPU = Debug|Any CPU
		Release|Any CPU = Release|Any CPU
	EndGlobalSection
	GlobalSection(ProjectConfigurationPlatforms) = postSolution
		{517A764F-9211-4F22-A012-3DDBC8528C76}.Debug|Any CPU.ActiveCfg = Debug|Any CPU
		{517A764F-9211-4F22-A012-3DDBC8528C76}.Debug|Any CPU.Build.0 = Debug|Any CPU
		{517A764F-9211-4F22-A012-3DDBC8528C76}.Release|Any CPU.ActiveCfg = Release|Any CPU
		{517A764F-9211-4F22-A012-3DDBC8528C76}.Release|Any CPU.Build.0 = Release|Any CPU
	EndGlobalSection
	GlobalSection(SolutionProperties) = preSolution
		HideSolutionNode = FALSE
	EndGlobalSection
	GlobalSection(ExtensibilityGlobals) = postSolution
		SolutionGuid = {B808C888-93F3-4722-98D5-838402B4ECF4}
	EndGlobalSection
EndGlobal
